<?xml version="1.0" encoding="utf-8"?>
<Project ToolsVersion="4.0" xmlns="http://schemas.microsoft.com/developer/msbuild/2003">
  <ItemGroup>
    <Filter Include="源文件">
      <UniqueIdentifier>{4FC737F1-C7A5-4376-A066-2A32D752A2FF}</UniqueIdentifier>
      <Extensions>cpp;c;cc;cxx;def;odl;idl;hpj;bat;asm;asmx</Extensions>
    </Filter>
    <Filter Include="头文件">
      <UniqueIdentifier>{93995380-89BD-4b04-88EB-625FBE52EBFB}</UniqueIdentifier>
      <Extensions>h;hh;hpp;hxx;hm;inl;inc;xsd</Extensions>
    </Filter>
    <Filter Include="资源文件">
      <UniqueIdentifier>{67DA6AB6-F800-4c08-8B7A-83BB121AAD01}</UniqueIdentifier>
      <Extensions>rc;ico;cur;bmp;dlg;rc2;rct;bin;rgs;gif;jpg;jpeg;jpe;resx;tiff;tif;png;wav;mfcribbon-ms</Extensions>
    </Filter>
    <Filter Include="json">
      <UniqueIdentifier>{b7ac5b05-c519-488c-9297-676869093e78}</UniqueIdentifier>
    </Filter>
  </ItemGroup>
  <ItemGroup>
    <Text Include="ReadMe.txt" />
  </ItemGroup>
  <ItemGroup>
    <ClInclude Include="Demo.h">
      <Filter>头文件</Filter>
    </ClInclude>
    <ClInclude Include="DemoDlg.h">
      <Filter>头文件</Filter>
    </ClInclude>
    <ClInclude Include="stdafx.h">
      <Filter>头文件</Filter>
    </ClInclude>
    <ClInclude Include="targetver.h">
      <Filter>头文件</Filter>
    </ClInclude>
    <ClInclude Include="Resource.h">
      <Filter>头文件</Filter>
    </ClInclude>
    <ClInclude Include="AddGameDialog.h">
      <Filter>头文件</Filter>
    </ClInclude>
    <ClInclude Include="AddCameraDialog.h">
      <Filter>头文件</Filter>
    </ClInclude>
    <ClInclude Include="AddImageDialog.h">
      <Filter>头文件</Filter>
    </ClInclude>
    <ClInclude Include="AddTextDialog.h">
      <Filter>头文件</Filter>
    </ClInclude>
    <ClInclude Include="WndSelDlg.h">
      <Filter>头文件</Filter>
    </ClInclude>
    <ClInclude Include="MessageDlg.h">
      <Filter>头文件</Filter>
    </ClInclude>
    <ClInclude Include="标头.h">
      <Filter>头文件</Filter>
    </ClInclude>
    <ClInclude Include="CmdInfo.h">
      <Filter>头文件</Filter>
    </ClInclude>
    <ClInclude Include="CurlEx.h">
      <Filter>头文件</Filter>
    </ClInclude>
    <ClInclude Include="UrlString.h">
      <Filter>头文件</Filter>
    </ClInclude>
    <ClInclude Include="InitSDKDlg.h">
      <Filter>头文件</Filter>
    </ClInclude>
    <ClInclude Include="SetDlg.h">
      <Filter>头文件</Filter>
    </ClInclude>
    <ClInclude Include="EVDemoCallBack.h">
      <Filter>头文件</Filter>
    </ClInclude>
    <ClInclude Include="AddWindowDialog.h">
      <Filter>头文件</Filter>
    </ClInclude>
    <ClInclude Include="ChatUserDlg.h">
      <Filter>头文件</Filter>
    </ClInclude>
    <ClInclude Include="AGVideoWnd.h">
      <Filter>头文件</Filter>
    </ClInclude>
    <ClInclude Include="AGEventDef.h">
      <Filter>头文件</Filter>
    </ClInclude>
  </ItemGroup>
  <ItemGroup>
    <ClCompile Include="Demo.cpp">
      <Filter>源文件</Filter>
    </ClCompile>
    <ClCompile Include="DemoDlg.cpp">
      <Filter>源文件</Filter>
    </ClCompile>
    <ClCompile Include="stdafx.cpp">
      <Filter>源文件</Filter>
    </ClCompile>
    <ClCompile Include="AddGameDialog.cpp">
      <Filter>源文件</Filter>
    </ClCompile>
    <ClCompile Include="AddCameraDialog.cpp">
      <Filter>源文件</Filter>
    </ClCompile>
    <ClCompile Include="AddImageDialog.cpp">
      <Filter>源文件</Filter>
    </ClCompile>
    <ClCompile Include="AddTextDialog.cpp">
      <Filter>源文件</Filter>
    </ClCompile>
    <ClCompile Include="WndSelDlg.cpp">
      <Filter>源文件</Filter>
    </ClCompile>
    <ClCompile Include="MessageDlg.cpp">
      <Filter>源文件</Filter>
    </ClCompile>
    <ClCompile Include="json\json_writer.cpp">
      <Filter>json</Filter>
    </ClCompile>
    <ClCompile Include="json\json_value.cpp">
      <Filter>json</Filter>
    </ClCompile>
    <ClCompile Include="json\json_reader.cpp">
      <Filter>json</Filter>
    </ClCompile>
    <ClCompile Include="CmdInfo.cpp">
      <Filter>源文件</Filter>
    </ClCompile>
    <ClCompile Include="CurlEx.cpp">
      <Filter>源文件</Filter>
    </ClCompile>
    <ClCompile Include="UrlString.cpp">
      <Filter>源文件</Filter>
    </ClCompile>
    <ClCompile Include="InitSDKDlg.cpp">
      <Filter>源文件</Filter>
    </ClCompile>
    <ClCompile Include="SetDlg.cpp">
      <Filter>源文件</Filter>
    </ClCompile>
    <ClCompile Include="EVDemoCallBack.cpp">
      <Filter>源文件</Filter>
    </ClCompile>
    <ClCompile Include="AddWindowDialog.cpp">
      <Filter>源文件</Filter>
    </ClCompile>
    <ClCompile Include="ChatUserDlg.cpp">
      <Filter>源文件</Filter>
    </ClCompile>
    <ClCompile Include="AGVideoWnd.cpp">
      <Filter>源文件</Filter>
    </ClCompile>
  </ItemGroup>
  <ItemGroup>
    <ResourceCompile Include="Demo.rc">
      <Filter>资源文件</Filter>
    </ResourceCompile>
  </ItemGroup>
  <ItemGroup>
    <None Include="res\Demo.rc2">
      <Filter>资源文件</Filter>
    </None>
  </ItemGroup>
  <ItemGroup>
    <Image Include="res\Demo.ico">
      <Filter>资源文件</Filter>
    </Image>
    <Image Include="res\Demo_1.ico">
      <Filter>资源文件</Filter>
    </Image>
    <Image Include="res\background_video.bmp">
      <Filter>资源文件</Filter>
    </Image>
  </ItemGroup>
</Project>